
Microsoft Visual Studio Solution File, Format Version 12.00
# Visual Studio 2012
Project("{FAE04EC0-301F-11D3-BF4B-00C04F79EFBC}") = "Sprockets", "Sprockets\Sprockets.csproj", "{F21DD1CD-82D8-4FDB-A5D2-DD322F2DADC6}"
EndProject
Project("{FAE04EC0-301F-11D3-BF4B-00C04F79EFBC}") = "Sprockets.Tests", "Sprockets.Tests\Sprockets.Tests.csproj", "{A60098BD-7946-4600-8D3C-71FA7BDC8129}"
EndProject
Project("{FAE04EC0-301F-11D3-BF4B-00C04F79EFBC}") = "Sprockets.Web.Optimization", "Sprockets.Web.Optimization\Sprockets.Web.Optimization.csproj", "{74D23E03-C8E3-4955-BBE7-576FA5E0F335}"
EndProject
Project("{2150E333-8FDC-42A3-9474-1A3956D46DE8}") = "tests", "tests", "{599BB025-7754-42F5-8F56-15C76C0823FD}"
EndProject
Project("{2150E333-8FDC-42A3-9474-1A3956D46DE8}") = "samples", "samples", "{87D9C7AC-31B5-4EE8-8075-F514297F0176}"
EndProject
Project("{FAE04EC0-301F-11D3-BF4B-00C04F79EFBC}") = "SprocketsWebOptimizationAspNetDemo", "Samples\SprocketsWebOptimizationAspNetDemo\SprocketsWebOptimizationAspNetDemo.csproj", "{AC09040A-BB8F-41DD-B160-2F2376AEFEDA}"
EndProject
Project("{FAE04EC0-301F-11D3-BF4B-00C04F79EFBC}") = "SprocketsCassetteAspNetSample", "Samples\SprocketsCassetteAspNetSample\SprocketsCassetteAspNetSample.csproj", "{5328EB53-B27B-4066-A87D-3597E893D479}"
EndProject
Global
	GlobalSection(SolutionConfigurationPlatforms) = preSolution
		Debug|Any CPU = Debug|Any CPU
		Release|Any CPU = Release|Any CPU
	EndGlobalSection
	GlobalSection(ProjectConfigurationPlatforms) = postSolution
		{F21DD1CD-82D8-4FDB-A5D2-DD322F2DADC6}.Debug|Any CPU.ActiveCfg = Debug|Any CPU
		{F21DD1CD-82D8-4FDB-A5D2-DD322F2DADC6}.Debug|Any CPU.Build.0 = Debug|Any CPU
		{F21DD1CD-82D8-4FDB-A5D2-DD322F2DADC6}.Release|Any CPU.ActiveCfg = Release|Any CPU
		{F21DD1CD-82D8-4FDB-A5D2-DD322F2DADC6}.Release|Any CPU.Build.0 = Release|Any CPU
		{A60098BD-7946-4600-8D3C-71FA7BDC8129}.Debug|Any CPU.ActiveCfg = Debug|Any CPU
		{A60098BD-7946-4600-8D3C-71FA7BDC8129}.Debug|Any CPU.Build.0 = Debug|Any CPU
		{A60098BD-7946-4600-8D3C-71FA7BDC8129}.Release|Any CPU.ActiveCfg = Release|Any CPU
		{A60098BD-7946-4600-8D3C-71FA7BDC8129}.Release|Any CPU.Build.0 = Release|Any CPU
		{74D23E03-C8E3-4955-BBE7-576FA5E0F335}.Debug|Any CPU.ActiveCfg = Debug|Any CPU
		{74D23E03-C8E3-4955-BBE7-576FA5E0F335}.Debug|Any CPU.Build.0 = Debug|Any CPU
		{74D23E03-C8E3-4955-BBE7-576FA5E0F335}.Release|Any CPU.ActiveCfg = Release|Any CPU
		{74D23E03-C8E3-4955-BBE7-576FA5E0F335}.Release|Any CPU.Build.0 = Release|Any CPU
		{AC09040A-BB8F-41DD-B160-2F2376AEFEDA}.Debug|Any CPU.ActiveCfg = Debug|Any CPU
		{AC09040A-BB8F-41DD-B160-2F2376AEFEDA}.Debug|Any CPU.Build.0 = Debug|Any CPU
		{AC09040A-BB8F-41DD-B160-2F2376AEFEDA}.Release|Any CPU.ActiveCfg = Release|Any CPU
		{AC09040A-BB8F-41DD-B160-2F2376AEFEDA}.Release|Any CPU.Build.0 = Release|Any CPU
		{5328EB53-B27B-4066-A87D-3597E893D479}.Debug|Any CPU.ActiveCfg = Debug|Any CPU
		{5328EB53-B27B-4066-A87D-3597E893D479}.Debug|Any CPU.Build.0 = Debug|Any CPU
		{5328EB53-B27B-4066-A87D-3597E893D479}.Release|Any CPU.ActiveCfg = Release|Any CPU
		{5328EB53-B27B-4066-A87D-3597E893D479}.Release|Any CPU.Build.0 = Release|Any CPU
	EndGlobalSection
	GlobalSection(SolutionProperties) = preSolution
		HideSolutionNode = FALSE
	EndGlobalSection
	GlobalSection(NestedProjects) = preSolution
		{A60098BD-7946-4600-8D3C-71FA7BDC8129} = {599BB025-7754-42F5-8F56-15C76C0823FD}
		{AC09040A-BB8F-41DD-B160-2F2376AEFEDA} = {87D9C7AC-31B5-4EE8-8075-F514297F0176}
		{5328EB53-B27B-4066-A87D-3597E893D479} = {87D9C7AC-31B5-4EE8-8075-F514297F0176}
	EndGlobalSection
EndGlobal
